{
  "name": "neat",
  "version": "3.2.5",
  "lockfileVersion": 3,
  "requires": true,
  "packages": {
    "": {
      "name": "neat",
      "version": "3.2.5",
      "workspaces": [
        "packages/neat-formatting",
        "packages/neat-formatting-test",
        "packages/neat-validation",
        "packages/neat-validation-test",
        "packages_imported/kotlinx-interoperable-exports/3.2.5",
        "packages_imported/kommander-core/3.2.5"
      ],
      "devDependencies": {}
    },
    "node_modules/kommander-core": {
      "resolved": "packages_imported/kommander-core/3.2.5",
      "link": true
    },
    "node_modules/kotlinx-interoperable-exports": {
      "resolved": "packages_imported/kotlinx-interoperable-exports/3.2.5",
      "link": true
    },
    "node_modules/neat-formatting": {
      "resolved": "packages/neat-formatting",
      "link": true
    },
    "node_modules/neat-formatting-test": {
      "resolved": "packages/neat-formatting-test",
      "link": true
    },
    "node_modules/neat-validation": {
      "resolved": "packages/neat-validation",
      "link": true
    },
    "node_modules/neat-validation-test": {
      "resolved": "packages/neat-validation-test",
      "link": true
    },
    "packages_imported/kommander-core/3.1.14": {
      "name": "kommander-core",
      "version": "3.1.14",
      "extraneous": true,
      "devDependencies": {}
    },
    "packages_imported/kommander-core/3.2.5": {
      "name": "kommander-core",
      "version": "3.2.5",
      "devDependencies": {}
    },
    "packages_imported/kotlinx-interoperable-exports/3.1.14": {
      "name": "kotlinx-interoperable-exports",
      "version": "3.1.14",
      "extraneous": true,
      "devDependencies": {}
    },
    "packages_imported/kotlinx-interoperable-exports/3.2.5": {
      "name": "kotlinx-interoperable-exports",
      "version": "3.2.5",
      "devDependencies": {}
    },
    "packages/neat-formatting": {
      "version": "3.2.5",
      "devDependencies": {}
    },
    "packages/neat-formatting-test": {
      "version": "3.2.5",
      "devDependencies": {}
    },
    "packages/neat-validation": {
      "version": "3.2.5",
      "devDependencies": {}
    },
    "packages/neat-validation-test": {
      "version": "3.2.5",
      "devDependencies": {}
    }
  }
}
